// !$*UTF8*$!
{
	archiveVersion = 1;
	classes = {
	};
	objectVersion = 55;
	objects = {

/* Begin PBXBuildFile section */
		821608732847766300436350 /* Grand_GourmetApp.swift in Sources */ = {isa = PBXBuildFile; fileRef = 821608722847766300436350 /* Grand_GourmetApp.swift */; };
		821608772847766500436350 /* Assets.xcassets in Resources */ = {isa = PBXBuildFile; fileRef = 821608762847766500436350 /* Assets.xcassets */; };
		8216087A2847766500436350 /* Preview Assets.xcassets in Resources */ = {isa = PBXBuildFile; fileRef = 821608792847766500436350 /* Preview Assets.xcassets */; };
		821608832848EEE100436350 /* HomeView.swift in Sources */ = {isa = PBXBuildFile; fileRef = 821608822848EEE100436350 /* HomeView.swift */; };
		821608852848EEEA00436350 /* HomeViewModel.swift in Sources */ = {isa = PBXBuildFile; fileRef = 821608842848EEEA00436350 /* HomeViewModel.swift */; };
		821608872848F0B600436350 /* HomeModel.swift in Sources */ = {isa = PBXBuildFile; fileRef = 821608862848F0B600436350 /* HomeModel.swift */; };
		8216088B2848F59900436350 /* Alamofire in Frameworks */ = {isa = PBXBuildFile; productRef = 8216088A2848F59900436350 /* Alamofire */; };
		8216088D2848F5C300436350 /* HomeRepository.swift in Sources */ = {isa = PBXBuildFile; fileRef = 8216088C2848F5C200436350 /* HomeRepository.swift */; };
		821608912848F82400436350 /* Endpoint.swift in Sources */ = {isa = PBXBuildFile; fileRef = 821608902848F82400436350 /* Endpoint.swift */; };
		821608942849052800436350 /* SDWebImageSwiftUI in Frameworks */ = {isa = PBXBuildFile; productRef = 821608932849052800436350 /* SDWebImageSwiftUI */; };
		82160896284907BD00436350 /* HomeGourmetViewComponent.swift in Sources */ = {isa = PBXBuildFile; fileRef = 82160895284907BD00436350 /* HomeGourmetViewComponent.swift */; };
		8257E83F2849AA7800BC9A27 /* GourmetDetailView.swift in Sources */ = {isa = PBXBuildFile; fileRef = 8257E83E2849AA7800BC9A27 /* GourmetDetailView.swift */; };
		8257E8412849AA9200BC9A27 /* GourmetDetailViewModel.swift in Sources */ = {isa = PBXBuildFile; fileRef = 8257E8402849AA9200BC9A27 /* GourmetDetailViewModel.swift */; };
		8257E8442849AC4C00BC9A27 /* TagViewComponent.swift in Sources */ = {isa = PBXBuildFile; fileRef = 8257E8432849AC4C00BC9A27 /* TagViewComponent.swift */; };
		8257E8492849B41500BC9A27 /* GourmetDetailRepository.swift in Sources */ = {isa = PBXBuildFile; fileRef = 8257E8482849B41500BC9A27 /* GourmetDetailRepository.swift */; };
		8257E84B2849B47C00BC9A27 /* GourmetDetailModel.swift in Sources */ = {isa = PBXBuildFile; fileRef = 8257E84A2849B47C00BC9A27 /* GourmetDetailModel.swift */; };
		8257E84D2849BC4800BC9A27 /* GourmetDescriptionViewComponent.swift in Sources */ = {isa = PBXBuildFile; fileRef = 8257E84C2849BC4800BC9A27 /* GourmetDescriptionViewComponent.swift */; };
		82A45271284BA9D90098F013 /* CustomStepperViewComponent.swift in Sources */ = {isa = PBXBuildFile; fileRef = 82A45270284BA9D90098F013 /* CustomStepperViewComponent.swift */; };
		82A45273284BAC0F0098F013 /* GourmetAddonItemViewComponent.swift in Sources */ = {isa = PBXBuildFile; fileRef = 82A45272284BAC0F0098F013 /* GourmetAddonItemViewComponent.swift */; };
/* End PBXBuildFile section */

/* Begin PBXFileReference section */
		8216086F2847766300436350 /* Grand Gourmet.app */ = {isa = PBXFileReference; explicitFileType = wrapper.application; includeInIndex = 0; path = "Grand Gourmet.app"; sourceTree = BUILT_PRODUCTS_DIR; };
		821608722847766300436350 /* Grand_GourmetApp.swift */ = {isa = PBXFileReference; lastKnownFileType = sourcecode.swift; path = Grand_GourmetApp.swift; sourceTree = "<group>"; };
		821608762847766500436350 /* Assets.xcassets */ = {isa = PBXFileReference; lastKnownFileType = folder.assetcatalog; path = Assets.xcassets; sourceTree = "<group>"; };
		821608792847766500436350 /* Preview Assets.xcassets */ = {isa = PBXFileReference; lastKnownFileType = folder.assetcatalog; path = "Preview Assets.xcassets"; sourceTree = "<group>"; };
		821608822848EEE100436350 /* HomeView.swift */ = {isa = PBXFileReference; lastKnownFileType = sourcecode.swift; path = HomeView.swift; sourceTree = "<group>"; };
		821608842848EEEA00436350 /* HomeViewModel.swift */ = {isa = PBXFileReference; lastKnownFileType = sourcecode.swift; path = HomeViewModel.swift; sourceTree = "<group>"; };
		821608862848F0B600436350 /* HomeModel.swift */ = {isa = PBXFileReference; lastKnownFileType = sourcecode.swift; path = HomeModel.swift; sourceTree = "<group>"; };
		8216088C2848F5C200436350 /* HomeRepository.swift */ = {isa = PBXFileReference; lastKnownFileType = sourcecode.swift; path = HomeRepository.swift; sourceTree = "<group>"; };
		821608902848F82400436350 /* Endpoint.swift */ = {isa = PBXFileReference; lastKnownFileType = sourcecode.swift; path = Endpoint.swift; sourceTree = "<group>"; };
		82160895284907BD00436350 /* HomeGourmetViewComponent.swift */ = {isa = PBXFileReference; lastKnownFileType = sourcecode.swift; path = HomeGourmetViewComponent.swift; sourceTree = "<group>"; };
		8257E83E2849AA7800BC9A27 /* GourmetDetailView.swift */ = {isa = PBXFileReference; lastKnownFileType = sourcecode.swift; path = GourmetDetailView.swift; sourceTree = "<group>"; };
		8257E8402849AA9200BC9A27 /* GourmetDetailViewModel.swift */ = {isa = PBXFileReference; lastKnownFileType = sourcecode.swift; path = GourmetDetailViewModel.swift; sourceTree = "<group>"; };
		8257E8432849AC4C00BC9A27 /* TagViewComponent.swift */ = {isa = PBXFileReference; lastKnownFileType = sourcecode.swift; path = TagViewComponent.swift; sourceTree = "<group>"; };
		8257E8482849B41500BC9A27 /* GourmetDetailRepository.swift */ = {isa = PBXFileReference; lastKnownFileType = sourcecode.swift; path = GourmetDetailRepository.swift; sourceTree = "<group>"; };
		8257E84A2849B47C00BC9A27 /* GourmetDetailModel.swift */ = {isa = PBXFileReference; lastKnownFileType = sourcecode.swift; path = GourmetDetailModel.swift; sourceTree = "<group>"; };
		8257E84C2849BC4800BC9A27 /* GourmetDescriptionViewComponent.swift */ = {isa = PBXFileReference; lastKnownFileType = sourcecode.swift; path = GourmetDescriptionViewComponent.swift; sourceTree = "<group>"; };
		82A45270284BA9D90098F013 /* CustomStepperViewComponent.swift */ = {isa = PBXFileReference; lastKnownFileType = sourcecode.swift; path = CustomStepperViewComponent.swift; sourceTree = "<group>"; };
		82A45272284BAC0F0098F013 /* GourmetAddonItemViewComponent.swift */ = {isa = PBXFileReference; lastKnownFileType = sourcecode.swift; path = GourmetAddonItemViewComponent.swift; sourceTree = "<group>"; };
/* End PBXFileReference section */

/* Begin PBXFrameworksBuildPhase section */
		8216086C2847766300436350 /* Frameworks */ = {
			isa = PBXFrameworksBuildPhase;
			buildActionMask = 2147483647;
			files = (
				821608942849052800436350 /* SDWebImageSwiftUI in Frameworks */,
				8216088B2848F59900436350 /* Alamofire in Frameworks */,
			);
			runOnlyForDeploymentPostprocessing = 0;
		};
/* End PBXFrameworksBuildPhase section */

/* Begin PBXGroup section */
		821608662847766300436350 = {
			isa = PBXGroup;
			children = (
				821608712847766300436350 /* Grand Gourmet */,
				821608702847766300436350 /* Products */,
			);
			sourceTree = "<group>";
		};
		821608702847766300436350 /* Products */ = {
			isa = PBXGroup;
			children = (
				8216086F2847766300436350 /* Grand Gourmet.app */,
			);
			name = Products;
			sourceTree = "<group>";
		};
		821608712847766300436350 /* Grand Gourmet */ = {
			isa = PBXGroup;
			children = (
				8216088E2848F5D000436350 /* Data */,
				821608882848F40300436350 /* Repositories */,
				821608802848EBC100436350 /* Features */,
				821608722847766300436350 /* Grand_GourmetApp.swift */,
				82A45275284C4B3B0098F013 /* SupportingFiles */,
			);
			path = "Grand Gourmet";
			sourceTree = "<group>";
		};
		821608782847766500436350 /* Preview Content */ = {
			isa = PBXGroup;
			children = (
				821608792847766500436350 /* Preview Assets.xcassets */,
			);
			path = "Preview Content";
			sourceTree = "<group>";
		};
		821608802848EBC100436350 /* Features */ = {
			isa = PBXGroup;
			children = (
				8257E8422849AC2B00BC9A27 /* SharedComponents */,
				8257E83D2849AA4400BC9A27 /* GourmetDetail */,
				821608812848EED700436350 /* Home */,
			);
			path = Features;
			sourceTree = "<group>";
		};
		821608812848EED700436350 /* Home */ = {
			isa = PBXGroup;
			children = (
				8257E8472849AF1900BC9A27 /* Views */,
				821608842848EEEA00436350 /* HomeViewModel.swift */,
			);
			path = Home;
			sourceTree = "<group>";
		};
		821608882848F40300436350 /* Repositories */ = {
			isa = PBXGroup;
			children = (
				8216088C2848F5C200436350 /* HomeRepository.swift */,
				821608902848F82400436350 /* Endpoint.swift */,
				8257E8482849B41500BC9A27 /* GourmetDetailRepository.swift */,
			);
			path = Repositories;
			sourceTree = "<group>";
		};
		8216088E2848F5D000436350 /* Data */ = {
			isa = PBXGroup;
			children = (
				8216088F2848F5D600436350 /* Models */,
			);
			path = Data;
			sourceTree = "<group>";
		};
		8216088F2848F5D600436350 /* Models */ = {
			isa = PBXGroup;
			children = (
				821608862848F0B600436350 /* HomeModel.swift */,
				8257E84A2849B47C00BC9A27 /* GourmetDetailModel.swift */,
			);
			path = Models;
			sourceTree = "<group>";
		};
		8257E83D2849AA4400BC9A27 /* GourmetDetail */ = {
			isa = PBXGroup;
			children = (
				82A45274284BB2640098F013 /* Views */,
				8257E8402849AA9200BC9A27 /* GourmetDetailViewModel.swift */,
			);
			path = GourmetDetail;
			sourceTree = "<group>";
		};
		8257E8422849AC2B00BC9A27 /* SharedComponents */ = {
			isa = PBXGroup;
			children = (
				8257E8432849AC4C00BC9A27 /* TagViewComponent.swift */,
				8257E84C2849BC4800BC9A27 /* GourmetDescriptionViewComponent.swift */,
			);
			path = SharedComponents;
			sourceTree = "<group>";
		};
		8257E8472849AF1900BC9A27 /* Views */ = {
			isa = PBXGroup;
			children = (
				821608822848EEE100436350 /* HomeView.swift */,
				82160895284907BD00436350 /* HomeGourmetViewComponent.swift */,
			);
			path = Views;
			sourceTree = "<group>";
		};
		82A45274284BB2640098F013 /* Views */ = {
			isa = PBXGroup;
			children = (
				8257E83E2849AA7800BC9A27 /* GourmetDetailView.swift */,
				82A45270284BA9D90098F013 /* CustomStepperViewComponent.swift */,
				82A45272284BAC0F0098F013 /* GourmetAddonItemViewComponent.swift */,
			);
			path = Views;
			sourceTree = "<group>";
		};
		82A45275284C4B3B0098F013 /* SupportingFiles */ = {
			isa = PBXGroup;
			children = (
				821608762847766500436350 /* Assets.xcassets */,
				821608782847766500436350 /* Preview Content */,
			);
			path = SupportingFiles;
			sourceTree = "<group>";
		};
/* End PBXGroup section */

/* Begin PBXNativeTarget section */
		8216086E2847766300436350 /* Grand Gourmet */ = {
			isa = PBXNativeTarget;
			buildConfigurationList = 8216087D2847766500436350 /* Build configuration list for PBXNativeTarget "Grand Gourmet" */;
			buildPhases = (
				8216086B2847766300436350 /* Sources */,
				8216086C2847766300436350 /* Frameworks */,
				8216086D2847766300436350 /* Resources */,
			);
			buildRules = (
			);
			dependencies = (
			);
			name = "Grand Gourmet";
			packageProductDependencies = (
				8216088A2848F59900436350 /* Alamofire */,
				821608932849052800436350 /* SDWebImageSwiftUI */,
			);
			productName = "Grand Gourmet";
			productReference = 8216086F2847766300436350 /* Grand Gourmet.app */;
			productType = "com.apple.product-type.application";
		};
/* End PBXNativeTarget section */

/* Begin PBXProject section */
		821608672847766300436350 /* Project object */ = {
			isa = PBXProject;
			attributes = {
				BuildIndependentTargetsInParallel = 1;
				LastSwiftUpdateCheck = 1310;
				LastUpgradeCheck = 1310;
				TargetAttributes = {
					8216086E2847766300436350 = {
						CreatedOnToolsVersion = 13.1;
					};
				};
			};
			buildConfigurationList = 8216086A2847766300436350 /* Build configuration list for PBXProject "Grand Gourmet" */;
			compatibilityVersion = "Xcode 13.0";
			developmentRegion = en;
			hasScannedForEncodings = 0;
			knownRegions = (
				en,
				Base,
			);
			mainGroup = 821608662847766300436350;
			packageReferences = (
				821608892848F59900436350 /* XCRemoteSwiftPackageReference "Alamofire" */,
				821608922849052800436350 /* XCRemoteSwiftPackageReference "SDWebImageSwiftUI" */,
			);
			productRefGroup = 821608702847766300436350 /* Products */;
			projectDirPath = "";
			projectRoot = "";
			targets = (
				8216086E2847766300436350 /* Grand Gourmet */,
			);
		};
/* End PBXProject section */

/* Begin PBXResourcesBuildPhase section */
		8216086D2847766300436350 /* Resources */ = {
			isa = PBXResourcesBuildPhase;
			buildActionMask = 2147483647;
			files = (
				8216087A2847766500436350 /* Preview Assets.xcassets in Resources */,
				821608772847766500436350 /* Assets.xcassets in Resources */,
			);
			runOnlyForDeploymentPostprocessing = 0;
		};
/* End PBXResourcesBuildPhase section */

/* Begin PBXSourcesBuildPhase section */
		8216086B2847766300436350 /* Sources */ = {
			isa = PBXSourcesBuildPhase;
			buildActionMask = 2147483647;
			files = (
				8257E8492849B41500BC9A27 /* GourmetDetailRepository.swift in Sources */,
				8257E84D2849BC4800BC9A27 /* GourmetDescriptionViewComponent.swift in Sources */,
				8257E8442849AC4C00BC9A27 /* TagViewComponent.swift in Sources */,
				821608912848F82400436350 /* Endpoint.swift in Sources */,
				82A45273284BAC0F0098F013 /* GourmetAddonItemViewComponent.swift in Sources */,
				821608832848EEE100436350 /* HomeView.swift in Sources */,
				82A45271284BA9D90098F013 /* CustomStepperViewComponent.swift in Sources */,
				8257E8412849AA9200BC9A27 /* GourmetDetailViewModel.swift in Sources */,
				8257E83F2849AA7800BC9A27 /* GourmetDetailView.swift in Sources */,
				8257E84B2849B47C00BC9A27 /* GourmetDetailModel.swift in Sources */,
				821608732847766300436350 /* Grand_GourmetApp.swift in Sources */,
				821608872848F0B600436350 /* HomeModel.swift in Sources */,
				8216088D2848F5C300436350 /* HomeRepository.swift in Sources */,
				821608852848EEEA00436350 /* HomeViewModel.swift in Sources */,
				82160896284907BD00436350 /* HomeGourmetViewComponent.swift in Sources */,
			);
			runOnlyForDeploymentPostprocessing = 0;
		};
/* End PBXSourcesBuildPhase section */

/* Begin XCBuildConfiguration section */
		8216087B2847766500436350 /* Debug */ = {
			isa = XCBuildConfiguration;
			buildSettings = {
				ALWAYS_SEARCH_USER_PATHS = NO;
				CLANG_ANALYZER_NONNULL = YES;
				CLANG_ANALYZER_NUMBER_OBJECT_CONVERSION = YES_AGGRESSIVE;
				CLANG_CXX_LANGUAGE_STANDARD = "gnu++17";
				CLANG_CXX_LIBRARY = "libc++";
				CLANG_ENABLE_MODULES = YES;
				CLANG_ENABLE_OBJC_ARC = YES;
				CLANG_ENABLE_OBJC_WEAK = YES;
				CLANG_WARN_BLOCK_CAPTURE_AUTORELEASING = YES;
				CLANG_WARN_BOOL_CONVERSION = YES;
				CLANG_WARN_COMMA = YES;
				CLANG_WARN_CONSTANT_CONVERSION = YES;
				CLANG_WARN_DEPRECATED_OBJC_IMPLEMENTATIONS = YES;
				CLANG_WARN_DIRECT_OBJC_ISA_USAGE = YES_ERROR;
				CLANG_WARN_DOCUMENTATION_COMMENTS = YES;
				CLANG_WARN_EMPTY_BODY = YES;
				CLANG_WARN_ENUM_CONVERSION = YES;
				CLANG_WARN_INFINITE_RECURSION = YES;
				CLANG_WARN_INT_CONVERSION = YES;
				CLANG_WARN_NON_LITERAL_NULL_CONVERSION = YES;
				CLANG_WARN_OBJC_IMPLICIT_RETAIN_SELF = YES;
				CLANG_WARN_OBJC_LITERAL_CONVERSION = YES;
				CLANG_WARN_OBJC_ROOT_CLASS = YES_ERROR;
				CLANG_WARN_QUOTED_INCLUDE_IN_FRAMEWORK_HEADER = YES;
				CLANG_WARN_RANGE_LOOP_ANALYSIS = YES;
				CLANG_WARN_STRICT_PROTOTYPES = YES;
				CLANG_WARN_SUSPICIOUS_MOVE = YES;
				CLANG_WARN_UNGUARDED_AVAILABILITY = YES_AGGRESSIVE;
				CLANG_WARN_UNREACHABLE_CODE = YES;
				CLANG_WARN__DUPLICATE_METHOD_MATCH = YES;
				COPY_PHASE_STRIP = NO;
				DEBUG_INFORMATION_FORMAT = dwarf;
				ENABLE_STRICT_OBJC_MSGSEND = YES;
				ENABLE_TESTABILITY = YES;
				GCC_C_LANGUAGE_STANDARD = gnu11;
				GCC_DYNAMIC_NO_PIC = NO;
				GCC_NO_COMMON_BLOCKS = YES;
				GCC_OPTIMIZATION_LEVEL = 0;
				GCC_PREPROCESSOR_DEFINITIONS = (
					"DEBUG=1",
					"$(inherited)",
				);
				GCC_WARN_64_TO_32_BIT_CONVERSION = YES;
				GCC_WARN_ABOUT_RETURN_TYPE = YES_ERROR;
				GCC_WARN_UNDECLARED_SELECTOR = YES;
				GCC_WARN_UNINITIALIZED_AUTOS = YES_AGGRESSIVE;
				GCC_WARN_UNUSED_FUNCTION = YES;
				GCC_WARN_UNUSED_VARIABLE = YES;
				IPHONEOS_DEPLOYMENT_TARGET = 14.0;
				MTL_ENABLE_DEBUG_INFO = INCLUDE_SOURCE;
				MTL_FAST_MATH = YES;
				ONLY_ACTIVE_ARCH = YES;
				SDKROOT = iphoneos;
				SWIFT_ACTIVE_COMPILATION_CONDITIONS = DEBUG;
				SWIFT_OPTIMIZATION_LEVEL = "-Onone";
			};
			name = Debug;
		};
		8216087C2847766500436350 /* Release */ = {
			isa = XCBuildConfiguration;
			buildSettings = {
				ALWAYS_SEARCH_USER_PATHS = NO;
				CLANG_ANALYZER_NONNULL = YES;
				CLANG_ANALYZER_NUMBER_OBJECT_CONVERSION = YES_AGGRESSIVE;
				CLANG_CXX_LANGUAGE_STANDARD = "gnu++17";
				CLANG_CXX_LIBRARY = "libc++";
				CLANG_ENABLE_MODULES = YES;
				CLANG_ENABLE_OBJC_ARC = YES;
				CLANG_ENABLE_OBJC_WEAK = YES;
				CLANG_WARN_BLOCK_CAPTURE_AUTORELEASING = YES;
				CLANG_WARN_BOOL_CONVERSION = YES;
				CLANG_WARN_COMMA = YES;
				CLANG_WARN_CONSTANT_CONVERSION = YES;
				CLANG_WARN_DEPRECATED_OBJC_IMPLEMENTATIONS = YES;
				CLANG_WARN_DIRECT_OBJC_ISA_USAGE = YES_ERROR;
				CLANG_WARN_DOCUMENTATION_COMMENTS = YES;
				CLANG_WARN_EMPTY_BODY = YES;
				CLANG_WARN_ENUM_CONVERSION = YES;
				CLANG_WARN_INFINITE_RECURSION = YES;
				CLANG_WARN_INT_CONVERSION = YES;
				CLANG_WARN_NON_LITERAL_NULL_CONVERSION = YES;
				CLANG_WARN_OBJC_IMPLICIT_RETAIN_SELF = YES;
				CLANG_WARN_OBJC_LITERAL_CONVERSION = YES;
				CLANG_WARN_OBJC_ROOT_CLASS = YES_ERROR;
				CLANG_WARN_QUOTED_INCLUDE_IN_FRAMEWORK_HEADER = YES;
				CLANG_WARN_RANGE_LOOP_ANALYSIS = YES;
				CLANG_WARN_STRICT_PROTOTYPES = YES;
				CLANG_WARN_SUSPICIOUS_MOVE = YES;
				CLANG_WARN_UNGUARDED_AVAILABILITY = YES_AGGRESSIVE;
				CLANG_WARN_UNREACHABLE_CODE = YES;
				CLANG_WARN__DUPLICATE_METHOD_MATCH = YES;
				COPY_PHASE_STRIP = NO;
				DEBUG_INFORMATION_FORMAT = "dwarf-with-dsym";
				ENABLE_NS_ASSERTIONS = NO;
				ENABLE_STRICT_OBJC_MSGSEND = YES;
				GCC_C_LANGUAGE_STANDARD = gnu11;
				GCC_NO_COMMON_BLOCKS = YES;
				GCC_WARN_64_TO_32_BIT_CONVERSION = YES;
				GCC_WARN_ABOUT_RETURN_TYPE = YES_ERROR;
				GCC_WARN_UNDECLARED_SELECTOR = YES;
				GCC_WARN_UNINITIALIZED_AUTOS = YES_AGGRESSIVE;
				GCC_WARN_UNUSED_FUNCTION = YES;
				GCC_WARN_UNUSED_VARIABLE = YES;
				IPHONEOS_DEPLOYMENT_TARGET = 14.0;
				MTL_ENABLE_DEBUG_INFO = NO;
				MTL_FAST_MATH = YES;
				SDKROOT = iphoneos;
				SWIFT_COMPILATION_MODE = wholemodule;
				SWIFT_OPTIMIZATION_LEVEL = "-O";
				VALIDATE_PRODUCT = YES;
			};
			name = Release;
		};
		8216087E2847766500436350 /* Debug */ = {
			isa = XCBuildConfiguration;
			buildSettings = {
				ASSETCATALOG_COMPILER_APPICON_NAME = AppIcon;
				ASSETCATALOG_COMPILER_GLOBAL_ACCENT_COLOR_NAME = AccentColor;
				CODE_SIGN_STYLE = Automatic;
				CURRENT_PROJECT_VERSION = 1;
				DEVELOPMENT_ASSET_PATHS = "\"Grand Gourmet/SupportingFiles/Preview Content\"";
				DEVELOPMENT_TEAM = DS8DA7YN5X;
				ENABLE_PREVIEWS = YES;
				GENERATE_INFOPLIST_FILE = YES;
				INFOPLIST_KEY_UIApplicationSceneManifest_Generation = YES;
				INFOPLIST_KEY_UIApplicationSupportsIndirectInputEvents = YES;
				INFOPLIST_KEY_UILaunchScreen_Generation = YES;
				INFOPLIST_KEY_UISupportedInterfaceOrientations_iPad = "UIInterfaceOrientationPortrait UIInterfaceOrientationPortraitUpsideDown UIInterfaceOrientationLandscapeLeft UIInterfaceOrientationLandscapeRight";
				INFOPLIST_KEY_UISupportedInterfaceOrientations_iPhone = "UIInterfaceOrientationPortrait UIInterfaceOrientationLandscapeLeft UIInterfaceOrientationLandscapeRight";
				LD_RUNPATH_SEARCH_PATHS = (
					"$(inherited)",
					"@executable_path/Frameworks",
				);
				MARKETING_VERSION = 1.0;
				PRODUCT_BUNDLE_IDENTIFIER = "io.github.mryusuf.Grand-Gourmet";
				PRODUCT_NAME = "$(TARGET_NAME)";
				SWIFT_EMIT_LOC_STRINGS = YES;
				SWIFT_VERSION = 5.0;
				TARGETED_DEVICE_FAMILY = "1,2";
			};
			name = Debug;
		};
		8216087F2847766500436350 /* Release */ = {
			isa = XCBuildConfiguration;
			buildSettings = {
				ASSETCATALOG_COMPILER_APPICON_NAME = AppIcon;
				ASSETCATALOG_COMPILER_GLOBAL_ACCENT_COLOR_NAME = AccentColor;
				CODE_SIGN_STYLE = Automatic;
				CURRENT_PROJECT_VERSION = 1;
				DEVELOPMENT_ASSET_PATHS = "\"Grand Gourmet/SupportingFiles/Preview Content\"";
				DEVELOPMENT_TEAM = DS8DA7YN5X;
				ENABLE_PREVIEWS = YES;
				GENERATE_INFOPLIST_FILE = YES;
				INFOPLIST_KEY_UIApplicationSceneManifest_Generation = YES;
				INFOPLIST_KEY_UIApplicationSupportsIndirectInputEvents = YES;
				INFOPLIST_KEY_UILaunchScreen_Generation = YES;
				INFOPLIST_KEY_UISupportedInterfaceOrientations_iPad = "UIInterfaceOrientationPortrait UIInterfaceOrientationPortraitUpsideDown UIInterfaceOrientationLandscapeLeft UIInterfaceOrientationLandscapeRight";
				INFOPLIST_KEY_UISupportedInterfaceOrientations_iPhone = "UIInterfaceOrientationPortrait UIInterfaceOrientationLandscapeLeft UIInterfaceOrientationLandscapeRight";
				LD_RUNPATH_SEARCH_PATHS = (
					"$(inherited)",
					"@executable_path/Frameworks",
				);
				MARKETING_VERSION = 1.0;
				PRODUCT_BUNDLE_IDENTIFIER = "io.github.mryusuf.Grand-Gourmet";
				PRODUCT_NAME = "$(TARGET_NAME)";
				SWIFT_EMIT_LOC_STRINGS = YES;
				SWIFT_VERSION = 5.0;
				TARGETED_DEVICE_FAMILY = "1,2";
			};
			name = Release;
		};
/* End XCBuildConfiguration section */

/* Begin XCConfigurationList section */
		8216086A2847766300436350 /* Build configuration list for PBXProject "Grand Gourmet" */ = {
			isa = XCConfigurationList;
			buildConfigurations = (
				8216087B2847766500436350 /* Debug */,
				8216087C2847766500436350 /* Release */,
			);
			defaultConfigurationIsVisible = 0;
			defaultConfigurationName = Release;
		};
		8216087D2847766500436350 /* Build configuration list for PBXNativeTarget "Grand Gourmet" */ = {
			isa = XCConfigurationList;
			buildConfigurations = (
				8216087E2847766500436350 /* Debug */,
				8216087F2847766500436350 /* Release */,
			);
			defaultConfigurationIsVisible = 0;
			defaultConfigurationName = Release;
		};
/* End XCConfigurationList section */

/* Begin XCRemoteSwiftPackageReference section */
		821608892848F59900436350 /* XCRemoteSwiftPackageReference "Alamofire" */ = {
			isa = XCRemoteSwiftPackageReference;
			repositoryURL = "https://github.com/Alamofire/Alamofire";
			requirement = {
				kind = upToNextMajorVersion;
				minimumVersion = 5.0.0;
			};
		};
		821608922849052800436350 /* XCRemoteSwiftPackageReference "SDWebImageSwiftUI" */ = {
			isa = XCRemoteSwiftPackageReference;
			repositoryURL = "https://github.com/SDWebImage/SDWebImageSwiftUI";
			requirement = {
				kind = upToNextMajorVersion;
				minimumVersion = 2.0.0;
			};
		};
/* End XCRemoteSwiftPackageReference section */

/* Begin XCSwiftPackageProductDependency section */
		8216088A2848F59900436350 /* Alamofire */ = {
			isa = XCSwiftPackageProductDependency;
			package = 821608892848F59900436350 /* XCRemoteSwiftPackageReference "Alamofire" */;
			productName = Alamofire;
		};
		821608932849052800436350 /* SDWebImageSwiftUI */ = {
			isa = XCSwiftPackageProductDependency;
			package = 821608922849052800436350 /* XCRemoteSwiftPackageReference "SDWebImageSwiftUI" */;
			productName = SDWebImageSwiftUI;
		};
/* End XCSwiftPackageProductDependency section */
	};
	rootObject = 821608672847766300436350 /* Project object */;
}
